
Microsoft Visual Studio Solution File, Format Version 12.00
# Visual Studio Version 16
VisualStudioVersion = 16.0.31515.178
MinimumVisualStudioVersion = 10.0.40219.1
Project("{FAE04EC0-301F-11D3-BF4B-00C04F79EFBC}") = "CSharp-Program", "CSharp-Program\CSharp-Program.csproj", "{F8C772C0-72F1-45FA-A918-69DC525297FD}"
EndProject
Global
	GlobalSection(SolutionConfigurationPlatforms) = preSolution
		Debug|Any CPU = Debug|Any CPU
		Release|Any CPU = Release|Any CPU
	EndGlobalSection
	GlobalSection(ProjectConfigurationPlatforms) = postSolution
		{F8C772C0-72F1-45FA-A918-69DC525297FD}.Debug|Any CPU.ActiveCfg = Debug|Any CPU
		{F8C772C0-72F1-45FA-A918-69DC525297FD}.Debug|Any CPU.Build.0 = Debug|Any CPU
		{F8C772C0-72F1-45FA-A918-69DC525297FD}.Release|Any CPU.ActiveCfg = Release|Any CPU
		{F8C772C0-72F1-45FA-A918-69DC525297FD}.Release|Any CPU.Build.0 = Release|Any CPU
	EndGlobalSection
	GlobalSection(SolutionProperties) = preSolution
		HideSolutionNode = FALSE
	EndGlobalSection
	GlobalSection(ExtensibilityGlobals) = postSolution
		SolutionGuid = {CCAF7419-3FD5-41F4-98DA-69AD9A3C621E}
	EndGlobalSection
EndGlobal
